
Microsoft Visual Studio Solution File, Format Version 12.00
# Visual Studio 15
VisualStudioVersion = 15.0.26124.0
MinimumVisualStudioVersion = 15.0.26124.0
Project("{FAE04EC0-301F-11D3-BF4B-00C04F79EFBC}") = "ImagePreprocessing", "ImagePreprocessing\ImagePreprocessing.csproj", "{FA05551E-0598-48F9-9F69-363203762779}"
EndProject
Project("{FAE04EC0-301F-11D3-BF4B-00C04F79EFBC}") = "DimensionReduction", "DimensionReduction\DimensionReduction.csproj", "{732A19A6-A01F-48D0-85C6-3A55FF570CB2}"
EndProject
Project("{FAE04EC0-301F-11D3-BF4B-00C04F79EFBC}") = "DimensionReduction.Tests", "DimensionReduction.Tests\DimensionReduction.Tests.csproj", "{681D94F5-DA3E-489B-B6B5-4D3EA0586098}"
EndProject
Project("{FAE04EC0-301F-11D3-BF4B-00C04F79EFBC}") = "ImagePreprocessing.Tests", "ImagePreprocessing.Tests\ImagePreprocessing.Tests.csproj", "{47A93198-3839-4000-88B4-87A2CD9C05A0}"
EndProject
Project("{FAE04EC0-301F-11D3-BF4B-00C04F79EFBC}") = "BrysterAsp", "WebApp/WebApp.csproj", "{9EB291E5-69C4-4C54-A1CC-27F601046958}"
EndProject
Project("{FAE04EC0-301F-11D3-BF4B-00C04F79EFBC}") = "Training", "Training\Training.csproj", "{5CD63CEB-14E4-44B7-A06C-3339506F0F02}"
EndProject
Project("{FAE04EC0-301F-11D3-BF4B-00C04F79EFBC}") = "LibSVMsharp", "LibSVMsharp\LibSVMsharp.csproj", "{AC04337C-E542-4BE9-8DBD-5B44535299E2}"
EndProject
Project("{FAE04EC0-301F-11D3-BF4B-00C04F79EFBC}") = "Training.Tests", "Training.Tests\Training.Tests.csproj", "{D47E8937-1060-4039-806D-4C98ED6D4C83}"
EndProject
Global
	GlobalSection(SolutionConfigurationPlatforms) = preSolution
		Debug|Any CPU = Debug|Any CPU
		Debug|x64 = Debug|x64
		Debug|x86 = Debug|x86
		Release|Any CPU = Release|Any CPU
		Release|x64 = Release|x64
		Release|x86 = Release|x86
	EndGlobalSection
	GlobalSection(SolutionProperties) = preSolution
		HideSolutionNode = FALSE
	EndGlobalSection
	GlobalSection(ProjectConfigurationPlatforms) = postSolution
		{FA05551E-0598-48F9-9F69-363203762779}.Debug|Any CPU.ActiveCfg = Debug|Any CPU
		{FA05551E-0598-48F9-9F69-363203762779}.Debug|Any CPU.Build.0 = Debug|Any CPU
		{FA05551E-0598-48F9-9F69-363203762779}.Debug|x64.ActiveCfg = Debug|Any CPU
		{FA05551E-0598-48F9-9F69-363203762779}.Debug|x64.Build.0 = Debug|Any CPU
		{FA05551E-0598-48F9-9F69-363203762779}.Debug|x86.ActiveCfg = Debug|Any CPU
		{FA05551E-0598-48F9-9F69-363203762779}.Debug|x86.Build.0 = Debug|Any CPU
		{FA05551E-0598-48F9-9F69-363203762779}.Release|Any CPU.ActiveCfg = Release|Any CPU
		{FA05551E-0598-48F9-9F69-363203762779}.Release|Any CPU.Build.0 = Release|Any CPU
		{FA05551E-0598-48F9-9F69-363203762779}.Release|x64.ActiveCfg = Release|Any CPU
		{FA05551E-0598-48F9-9F69-363203762779}.Release|x64.Build.0 = Release|Any CPU
		{FA05551E-0598-48F9-9F69-363203762779}.Release|x86.ActiveCfg = Release|Any CPU
		{FA05551E-0598-48F9-9F69-363203762779}.Release|x86.Build.0 = Release|Any CPU
		{732A19A6-A01F-48D0-85C6-3A55FF570CB2}.Debug|Any CPU.ActiveCfg = Debug|Any CPU
		{732A19A6-A01F-48D0-85C6-3A55FF570CB2}.Debug|Any CPU.Build.0 = Debug|Any CPU
		{732A19A6-A01F-48D0-85C6-3A55FF570CB2}.Debug|x64.ActiveCfg = Debug|Any CPU
		{732A19A6-A01F-48D0-85C6-3A55FF570CB2}.Debug|x64.Build.0 = Debug|Any CPU
		{732A19A6-A01F-48D0-85C6-3A55FF570CB2}.Debug|x86.ActiveCfg = Debug|Any CPU
		{732A19A6-A01F-48D0-85C6-3A55FF570CB2}.Debug|x86.Build.0 = Debug|Any CPU
		{732A19A6-A01F-48D0-85C6-3A55FF570CB2}.Release|Any CPU.ActiveCfg = Release|Any CPU
		{732A19A6-A01F-48D0-85C6-3A55FF570CB2}.Release|Any CPU.Build.0 = Release|Any CPU
		{732A19A6-A01F-48D0-85C6-3A55FF570CB2}.Release|x64.ActiveCfg = Release|Any CPU
		{732A19A6-A01F-48D0-85C6-3A55FF570CB2}.Release|x64.Build.0 = Release|Any CPU
		{732A19A6-A01F-48D0-85C6-3A55FF570CB2}.Release|x86.ActiveCfg = Release|Any CPU
		{732A19A6-A01F-48D0-85C6-3A55FF570CB2}.Release|x86.Build.0 = Release|Any CPU
		{9EB291E5-69C4-4C54-A1CC-27F601046958}.Debug|Any CPU.ActiveCfg = Debug|Any CPU
		{9EB291E5-69C4-4C54-A1CC-27F601046958}.Debug|Any CPU.Build.0 = Debug|Any CPU
		{9EB291E5-69C4-4C54-A1CC-27F601046958}.Debug|x64.ActiveCfg = Debug|Any CPU
		{9EB291E5-69C4-4C54-A1CC-27F601046958}.Debug|x64.Build.0 = Debug|Any CPU
		{9EB291E5-69C4-4C54-A1CC-27F601046958}.Debug|x86.ActiveCfg = Debug|Any CPU
		{9EB291E5-69C4-4C54-A1CC-27F601046958}.Debug|x86.Build.0 = Debug|Any CPU
		{9EB291E5-69C4-4C54-A1CC-27F601046958}.Release|Any CPU.ActiveCfg = Release|Any CPU
		{9EB291E5-69C4-4C54-A1CC-27F601046958}.Release|Any CPU.Build.0 = Release|Any CPU
		{9EB291E5-69C4-4C54-A1CC-27F601046958}.Release|x64.ActiveCfg = Release|Any CPU
		{9EB291E5-69C4-4C54-A1CC-27F601046958}.Release|x64.Build.0 = Release|Any CPU
		{9EB291E5-69C4-4C54-A1CC-27F601046958}.Release|x86.ActiveCfg = Release|Any CPU
		{9EB291E5-69C4-4C54-A1CC-27F601046958}.Release|x86.Build.0 = Release|Any CPU
		{681D94F5-DA3E-489B-B6B5-4D3EA0586098}.Debug|Any CPU.ActiveCfg = Debug|Any CPU
		{681D94F5-DA3E-489B-B6B5-4D3EA0586098}.Debug|Any CPU.Build.0 = Debug|Any CPU
		{681D94F5-DA3E-489B-B6B5-4D3EA0586098}.Debug|x64.ActiveCfg = Debug|Any CPU
		{681D94F5-DA3E-489B-B6B5-4D3EA0586098}.Debug|x64.Build.0 = Debug|Any CPU
		{681D94F5-DA3E-489B-B6B5-4D3EA0586098}.Debug|x86.ActiveCfg = Debug|Any CPU
		{681D94F5-DA3E-489B-B6B5-4D3EA0586098}.Debug|x86.Build.0 = Debug|Any CPU
		{681D94F5-DA3E-489B-B6B5-4D3EA0586098}.Release|Any CPU.ActiveCfg = Release|Any CPU
		{681D94F5-DA3E-489B-B6B5-4D3EA0586098}.Release|Any CPU.Build.0 = Release|Any CPU
		{681D94F5-DA3E-489B-B6B5-4D3EA0586098}.Release|x64.ActiveCfg = Release|Any CPU
		{681D94F5-DA3E-489B-B6B5-4D3EA0586098}.Release|x64.Build.0 = Release|Any CPU
		{681D94F5-DA3E-489B-B6B5-4D3EA0586098}.Release|x86.ActiveCfg = Release|Any CPU
		{681D94F5-DA3E-489B-B6B5-4D3EA0586098}.Release|x86.Build.0 = Release|Any CPU
		{47A93198-3839-4000-88B4-87A2CD9C05A0}.Debug|Any CPU.ActiveCfg = Debug|Any CPU
		{47A93198-3839-4000-88B4-87A2CD9C05A0}.Debug|Any CPU.Build.0 = Debug|Any CPU
		{47A93198-3839-4000-88B4-87A2CD9C05A0}.Debug|x64.ActiveCfg = Debug|Any CPU
		{47A93198-3839-4000-88B4-87A2CD9C05A0}.Debug|x64.Build.0 = Debug|Any CPU
		{47A93198-3839-4000-88B4-87A2CD9C05A0}.Debug|x86.ActiveCfg = Debug|Any CPU
		{47A93198-3839-4000-88B4-87A2CD9C05A0}.Debug|x86.Build.0 = Debug|Any CPU
		{47A93198-3839-4000-88B4-87A2CD9C05A0}.Release|Any CPU.ActiveCfg = Release|Any CPU
		{47A93198-3839-4000-88B4-87A2CD9C05A0}.Release|Any CPU.Build.0 = Release|Any CPU
		{47A93198-3839-4000-88B4-87A2CD9C05A0}.Release|x64.ActiveCfg = Release|Any CPU
		{47A93198-3839-4000-88B4-87A2CD9C05A0}.Release|x64.Build.0 = Release|Any CPU
		{47A93198-3839-4000-88B4-87A2CD9C05A0}.Release|x86.ActiveCfg = Release|Any CPU
		{47A93198-3839-4000-88B4-87A2CD9C05A0}.Release|x86.Build.0 = Release|Any CPU
		{5CD63CEB-14E4-44B7-A06C-3339506F0F02}.Debug|Any CPU.ActiveCfg = Debug|Any CPU
		{5CD63CEB-14E4-44B7-A06C-3339506F0F02}.Debug|Any CPU.Build.0 = Debug|Any CPU
		{5CD63CEB-14E4-44B7-A06C-3339506F0F02}.Debug|x64.ActiveCfg = Debug|Any CPU
		{5CD63CEB-14E4-44B7-A06C-3339506F0F02}.Debug|x64.Build.0 = Debug|Any CPU
		{5CD63CEB-14E4-44B7-A06C-3339506F0F02}.Debug|x86.ActiveCfg = Debug|Any CPU
		{5CD63CEB-14E4-44B7-A06C-3339506F0F02}.Debug|x86.Build.0 = Debug|Any CPU
		{5CD63CEB-14E4-44B7-A06C-3339506F0F02}.Release|Any CPU.ActiveCfg = Release|Any CPU
		{5CD63CEB-14E4-44B7-A06C-3339506F0F02}.Release|Any CPU.Build.0 = Release|Any CPU
		{5CD63CEB-14E4-44B7-A06C-3339506F0F02}.Release|x64.ActiveCfg = Release|Any CPU
		{5CD63CEB-14E4-44B7-A06C-3339506F0F02}.Release|x64.Build.0 = Release|Any CPU
		{5CD63CEB-14E4-44B7-A06C-3339506F0F02}.Release|x86.ActiveCfg = Release|Any CPU
		{5CD63CEB-14E4-44B7-A06C-3339506F0F02}.Release|x86.Build.0 = Release|Any CPU
		{AC04337C-E542-4BE9-8DBD-5B44535299E2}.Debug|Any CPU.ActiveCfg = Debug|Any CPU
		{AC04337C-E542-4BE9-8DBD-5B44535299E2}.Debug|Any CPU.Build.0 = Debug|Any CPU
		{AC04337C-E542-4BE9-8DBD-5B44535299E2}.Debug|x64.ActiveCfg = Debug|Any CPU
		{AC04337C-E542-4BE9-8DBD-5B44535299E2}.Debug|x64.Build.0 = Debug|Any CPU
		{AC04337C-E542-4BE9-8DBD-5B44535299E2}.Debug|x86.ActiveCfg = Debug|Any CPU
		{AC04337C-E542-4BE9-8DBD-5B44535299E2}.Debug|x86.Build.0 = Debug|Any CPU
		{AC04337C-E542-4BE9-8DBD-5B44535299E2}.Release|Any CPU.ActiveCfg = Release|Any CPU
		{AC04337C-E542-4BE9-8DBD-5B44535299E2}.Release|Any CPU.Build.0 = Release|Any CPU
		{AC04337C-E542-4BE9-8DBD-5B44535299E2}.Release|x64.ActiveCfg = Release|Any CPU
		{AC04337C-E542-4BE9-8DBD-5B44535299E2}.Release|x64.Build.0 = Release|Any CPU
		{AC04337C-E542-4BE9-8DBD-5B44535299E2}.Release|x86.ActiveCfg = Release|Any CPU
		{AC04337C-E542-4BE9-8DBD-5B44535299E2}.Release|x86.Build.0 = Release|Any CPU
		{FB9B2AF2-432C-449F-B385-CDB2014F9BDD}.Debug|Any CPU.ActiveCfg = Debug|Any CPU
		{FB9B2AF2-432C-449F-B385-CDB2014F9BDD}.Debug|Any CPU.Build.0 = Debug|Any CPU
		{FB9B2AF2-432C-449F-B385-CDB2014F9BDD}.Debug|x64.ActiveCfg = Debug|Any CPU
		{FB9B2AF2-432C-449F-B385-CDB2014F9BDD}.Debug|x64.Build.0 = Debug|Any CPU
		{FB9B2AF2-432C-449F-B385-CDB2014F9BDD}.Debug|x86.ActiveCfg = Debug|Any CPU
		{FB9B2AF2-432C-449F-B385-CDB2014F9BDD}.Debug|x86.Build.0 = Debug|Any CPU
		{FB9B2AF2-432C-449F-B385-CDB2014F9BDD}.Release|Any CPU.ActiveCfg = Release|Any CPU
		{FB9B2AF2-432C-449F-B385-CDB2014F9BDD}.Release|Any CPU.Build.0 = Release|Any CPU
		{FB9B2AF2-432C-449F-B385-CDB2014F9BDD}.Release|x64.ActiveCfg = Release|Any CPU
		{FB9B2AF2-432C-449F-B385-CDB2014F9BDD}.Release|x64.Build.0 = Release|Any CPU
		{FB9B2AF2-432C-449F-B385-CDB2014F9BDD}.Release|x86.ActiveCfg = Release|Any CPU
		{FB9B2AF2-432C-449F-B385-CDB2014F9BDD}.Release|x86.Build.0 = Release|Any CPU
		{D47E8937-1060-4039-806D-4C98ED6D4C83}.Debug|Any CPU.ActiveCfg = Debug|Any CPU
		{D47E8937-1060-4039-806D-4C98ED6D4C83}.Debug|Any CPU.Build.0 = Debug|Any CPU
		{D47E8937-1060-4039-806D-4C98ED6D4C83}.Debug|x64.ActiveCfg = Debug|Any CPU
		{D47E8937-1060-4039-806D-4C98ED6D4C83}.Debug|x64.Build.0 = Debug|Any CPU
		{D47E8937-1060-4039-806D-4C98ED6D4C83}.Debug|x86.ActiveCfg = Debug|Any CPU
		{D47E8937-1060-4039-806D-4C98ED6D4C83}.Debug|x86.Build.0 = Debug|Any CPU
		{D47E8937-1060-4039-806D-4C98ED6D4C83}.Release|Any CPU.ActiveCfg = Release|Any CPU
		{D47E8937-1060-4039-806D-4C98ED6D4C83}.Release|Any CPU.Build.0 = Release|Any CPU
		{D47E8937-1060-4039-806D-4C98ED6D4C83}.Release|x64.ActiveCfg = Release|Any CPU
		{D47E8937-1060-4039-806D-4C98ED6D4C83}.Release|x64.Build.0 = Release|Any CPU
		{D47E8937-1060-4039-806D-4C98ED6D4C83}.Release|x86.ActiveCfg = Release|Any CPU
		{D47E8937-1060-4039-806D-4C98ED6D4C83}.Release|x86.Build.0 = Release|Any CPU
	EndGlobalSection
EndGlobal
